
Microsoft Visual Studio Solution File, Format Version 12.00
# Visual Studio Version 17
VisualStudioVersion = 17.13.35818.85 d17.13
MinimumVisualStudioVersion = 10.0.40219.1
Project("{FAE04EC0-301F-11D3-BF4B-00C04F79EFBC}") = "modul6_103022300142", "modul6_103022300142\modul6_103022300142.csproj", "{998973CC-4D49-4132-B3DD-1E966920CB2F}"
EndProject
Global
	GlobalSection(SolutionConfigurationPlatforms) = preSolution
		Debug|Any CPU = Debug|Any CPU
		Release|Any CPU = Release|Any CPU
	EndGlobalSection
	GlobalSection(ProjectConfigurationPlatforms) = postSolution
		{998973CC-4D49-4132-B3DD-1E966920CB2F}.Debug|Any CPU.ActiveCfg = Debug|Any CPU
		{998973CC-4D49-4132-B3DD-1E966920CB2F}.Debug|Any CPU.Build.0 = Debug|Any CPU
		{998973CC-4D49-4132-B3DD-1E966920CB2F}.Release|Any CPU.ActiveCfg = Release|Any CPU
		{998973CC-4D49-4132-B3DD-1E966920CB2F}.Release|Any CPU.Build.0 = Release|Any CPU
	EndGlobalSection
	GlobalSection(SolutionProperties) = preSolution
		HideSolutionNode = FALSE
	EndGlobalSection
	GlobalSection(ExtensibilityGlobals) = postSolution
		SolutionGuid = {B8136C7F-6335-4AC7-9D26-8984128AF878}
	EndGlobalSection
EndGlobal
